// !$*UTF8*$!
{
	archiveVersion = 1;
	classes = {
	};
	objectVersion = 50;
	objects = {

/* Begin PBXBuildFile section */
		1112CCEC224E0BE700DD53BD /* AppDelegate.m in Sources */ = {isa = PBXBuildFile; fileRef = 1112CCEB224E0BE700DD53BD /* AppDelegate.m */; };
		1112CCEF224E0BE700DD53BD /* ViewController.m in Sources */ = {isa = PBXBuildFile; fileRef = 1112CCEE224E0BE700DD53BD /* ViewController.m */; };
		1112CCF2224E0BE700DD53BD /* Main.storyboard in Resources */ = {isa = PBXBuildFile; fileRef = 1112CCF0224E0BE700DD53BD /* Main.storyboard */; };
		1112CCF5224E0BE700DD53BD /* GitHubApp.xcdatamodeld in Sources */ = {isa = PBXBuildFile; fileRef = 1112CCF3224E0BE700DD53BD /* GitHubApp.xcdatamodeld */; };
		1112CCF7224E0BE900DD53BD /* Assets.xcassets in Resources */ = {isa = PBXBuildFile; fileRef = 1112CCF6224E0BE900DD53BD /* Assets.xcassets */; };
		1112CCFA224E0BE900DD53BD /* LaunchScreen.storyboard in Resources */ = {isa = PBXBuildFile; fileRef = 1112CCF8224E0BE900DD53BD /* LaunchScreen.storyboard */; };
		1112CCFD224E0BE900DD53BD /* main.m in Sources */ = {isa = PBXBuildFile; fileRef = 1112CCFC224E0BE900DD53BD /* main.m */; };
		1112CD07224E0BE900DD53BD /* GitHubAppTests.m in Sources */ = {isa = PBXBuildFile; fileRef = 1112CD06224E0BE900DD53BD /* GitHubAppTests.m */; };
/* End PBXBuildFile section */

/* Begin PBXContainerItemProxy section */
		1112CD03224E0BE900DD53BD /* PBXContainerItemProxy */ = {
			isa = PBXContainerItemProxy;
			containerPortal = 1112CCDF224E0BE700DD53BD /* Project object */;
			proxyType = 1;
			remoteGlobalIDString = 1112CCE6224E0BE700DD53BD;
			remoteInfo = GitHubApp;
		};
/* End PBXContainerItemProxy section */

/* Begin PBXFileReference section */
		1112CCE7224E0BE700DD53BD /* GitHubApp.app */ = {isa = PBXFileReference; explicitFileType = wrapper.application; includeInIndex = 0; path = GitHubApp.app; sourceTree = BUILT_PRODUCTS_DIR; };
		1112CCEA224E0BE700DD53BD /* AppDelegate.h */ = {isa = PBXFileReference; lastKnownFileType = sourcecode.c.h; path = AppDelegate.h; sourceTree = "<group>"; };
		1112CCEB224E0BE700DD53BD /* AppDelegate.m */ = {isa = PBXFileReference; lastKnownFileType = sourcecode.c.objc; path = AppDelegate.m; sourceTree = "<group>"; };
		1112CCED224E0BE700DD53BD /* ViewController.h */ = {isa = PBXFileReference; lastKnownFileType = sourcecode.c.h; path = ViewController.h; sourceTree = "<group>"; };
		1112CCEE224E0BE700DD53BD /* ViewController.m */ = {isa = PBXFileReference; lastKnownFileType = sourcecode.c.objc; path = ViewController.m; sourceTree = "<group>"; };
		1112CCF1224E0BE700DD53BD /* Base */ = {isa = PBXFileReference; lastKnownFileType = file.storyboard; name = Base; path = Base.lproj/Main.storyboard; sourceTree = "<group>"; };
		1112CCF4224E0BE700DD53BD /* GitHubApp.xcdatamodel */ = {isa = PBXFileReference; lastKnownFileType = wrapper.xcdatamodel; path = GitHubApp.xcdatamodel; sourceTree = "<group>"; };
		1112CCF6224E0BE900DD53BD /* Assets.xcassets */ = {isa = PBXFileReference; lastKnownFileType = folder.assetcatalog; path = Assets.xcassets; sourceTree = "<group>"; };
		1112CCF9224E0BE900DD53BD /* Base */ = {isa = PBXFileReference; lastKnownFileType = file.storyboard; name = Base; path = Base.lproj/LaunchScreen.storyboard; sourceTree = "<group>"; };
		1112CCFB224E0BE900DD53BD /* Info.plist */ = {isa = PBXFileReference; lastKnownFileType = text.plist.xml; path = Info.plist; sourceTree = "<group>"; };
		1112CCFC224E0BE900DD53BD /* main.m */ = {isa = PBXFileReference; lastKnownFileType = sourcecode.c.objc; path = main.m; sourceTree = "<group>"; };
		1112CD02224E0BE900DD53BD /* GitHubAppTests.xctest */ = {isa = PBXFileReference; explicitFileType = wrapper.cfbundle; includeInIndex = 0; path = GitHubAppTests.xctest; sourceTree = BUILT_PRODUCTS_DIR; };
		1112CD06224E0BE900DD53BD /* GitHubAppTests.m */ = {isa = PBXFileReference; lastKnownFileType = sourcecode.c.objc; path = GitHubAppTests.m; sourceTree = "<group>"; };
		1112CD08224E0BE900DD53BD /* Info.plist */ = {isa = PBXFileReference; lastKnownFileType = text.plist.xml; path = Info.plist; sourceTree = "<group>"; };
/* End PBXFileReference section */

/* Begin PBXFrameworksBuildPhase section */
		1112CCE4224E0BE700DD53BD /* Frameworks */ = {
			isa = PBXFrameworksBuildPhase;
			buildActionMask = 2147483647;
			files = (
			);
			runOnlyForDeploymentPostprocessing = 0;
		};
		1112CCFF224E0BE900DD53BD /* Frameworks */ = {
			isa = PBXFrameworksBuildPhase;
			buildActionMask = 2147483647;
			files = (
			);
			runOnlyForDeploymentPostprocessing = 0;
		};
/* End PBXFrameworksBuildPhase section */

/* Begin PBXGroup section */
		1112CCDE224E0BE700DD53BD = {
			isa = PBXGroup;
			children = (
				1112CCE9224E0BE700DD53BD /* GitHubApp */,
				1112CD05224E0BE900DD53BD /* GitHubAppTests */,
				1112CCE8224E0BE700DD53BD /* Products */,
			);
			sourceTree = "<group>";
		};
		1112CCE8224E0BE700DD53BD /* Products */ = {
			isa = PBXGroup;
			children = (
				1112CCE7224E0BE700DD53BD /* GitHubApp.app */,
				1112CD02224E0BE900DD53BD /* GitHubAppTests.xctest */,
			);
			name = Products;
			sourceTree = "<group>";
		};
		1112CCE9224E0BE700DD53BD /* GitHubApp */ = {
			isa = PBXGroup;
			children = (
				1112CCEA224E0BE700DD53BD /* AppDelegate.h */,
				1112CCEB224E0BE700DD53BD /* AppDelegate.m */,
				1112CCED224E0BE700DD53BD /* ViewController.h */,
				1112CCEE224E0BE700DD53BD /* ViewController.m */,
				1112CCF0224E0BE700DD53BD /* Main.storyboard */,
				1112CCF6224E0BE900DD53BD /* Assets.xcassets */,
				1112CCF8224E0BE900DD53BD /* LaunchScreen.storyboard */,
				1112CCFB224E0BE900DD53BD /* Info.plist */,
				1112CCFC224E0BE900DD53BD /* main.m */,
				1112CCF3224E0BE700DD53BD /* GitHubApp.xcdatamodeld */,
			);
			path = GitHubApp;
			sourceTree = "<group>";
		};
		1112CD05224E0BE900DD53BD /* GitHubAppTests */ = {
			isa = PBXGroup;
			children = (
				1112CD06224E0BE900DD53BD /* GitHubAppTests.m */,
				1112CD08224E0BE900DD53BD /* Info.plist */,
			);
			path = GitHubAppTests;
			sourceTree = "<group>";
		};
/* End PBXGroup section */

/* Begin PBXNativeTarget section */
		1112CCE6224E0BE700DD53BD /* GitHubApp */ = {
			isa = PBXNativeTarget;
			buildConfigurationList = 1112CD0B224E0BE900DD53BD /* Build configuration list for PBXNativeTarget "GitHubApp" */;
			buildPhases = (
				1112CCE3224E0BE700DD53BD /* Sources */,
				1112CCE4224E0BE700DD53BD /* Frameworks */,
				1112CCE5224E0BE700DD53BD /* Resources */,
			);
			buildRules = (
			);
			dependencies = (
			);
			name = GitHubApp;
			productName = GitHubApp;
			productReference = 1112CCE7224E0BE700DD53BD /* GitHubApp.app */;
			productType = "com.apple.product-type.application";
		};
		1112CD01224E0BE900DD53BD /* GitHubAppTests */ = {
			isa = PBXNativeTarget;
			buildConfigurationList = 1112CD0E224E0BE900DD53BD /* Build configuration list for PBXNativeTarget "GitHubAppTests" */;
			buildPhases = (
				1112CCFE224E0BE900DD53BD /* Sources */,
				1112CCFF224E0BE900DD53BD /* Frameworks */,
				1112CD00224E0BE900DD53BD /* Resources */,
			);
			buildRules = (
			);
			dependencies = (
				1112CD04224E0BE900DD53BD /* PBXTargetDependency */,
			);
			name = GitHubAppTests;
			productName = GitHubAppTests;
			productReference = 1112CD02224E0BE900DD53BD /* GitHubAppTests.xctest */;
			productType = "com.apple.product-type.bundle.unit-test";
		};
/* End PBXNativeTarget section */

/* Begin PBXProject section */
		1112CCDF224E0BE700DD53BD /* Project object */ = {
			isa = PBXProject;
			attributes = {
				LastUpgradeCheck = 1010;
				ORGANIZATIONNAME = "Mesrop Kareyan";
				TargetAttributes = {
					1112CCE6224E0BE700DD53BD = {
						CreatedOnToolsVersion = 10.1;
					};
					1112CD01224E0BE900DD53BD = {
						CreatedOnToolsVersion = 10.1;
						TestTargetID = 1112CCE6224E0BE700DD53BD;
					};
				};
			};
			buildConfigurationList = 1112CCE2224E0BE700DD53BD /* Build configuration list for PBXProject "GitHubApp" */;
			compatibilityVersion = "Xcode 9.3";
			developmentRegion = en;
			hasScannedForEncodings = 0;
			knownRegions = (
				en,
				Base,
			);
			mainGroup = 1112CCDE224E0BE700DD53BD;
			productRefGroup = 1112CCE8224E0BE700DD53BD /* Products */;
			projectDirPath = "";
			projectRoot = "";
			targets = (
				1112CCE6224E0BE700DD53BD /* GitHubApp */,
				1112CD01224E0BE900DD53BD /* GitHubAppTests */,
			);
		};
/* End PBXProject section */

/* Begin PBXResourcesBuildPhase section */
		1112CCE5224E0BE700DD53BD /* Resources */ = {
			isa = PBXResourcesBuildPhase;
			buildActionMask = 2147483647;
			files = (
				1112CCFA224E0BE900DD53BD /* LaunchScreen.storyboard in Resources */,
				1112CCF7224E0BE900DD53BD /* Assets.xcassets in Resources */,
				1112CCF2224E0BE700DD53BD /* Main.storyboard in Resources */,
			);
			runOnlyForDeploymentPostprocessing = 0;
		};
		1112CD00224E0BE900DD53BD /* Resources */ = {
			isa = PBXResourcesBuildPhase;
			buildActionMask = 2147483647;
			files = (
			);
			runOnlyForDeploymentPostprocessing = 0;
		};
/* End PBXResourcesBuildPhase section */

/* Begin PBXSourcesBuildPhase section */
		1112CCE3224E0BE700DD53BD /* Sources */ = {
			isa = PBXSourcesBuildPhase;
			buildActionMask = 2147483647;
			files = (
				1112CCEF224E0BE700DD53BD /* ViewController.m in Sources */,
				1112CCEC224E0BE700DD53BD /* AppDelegate.m in Sources */,
				1112CCFD224E0BE900DD53BD /* main.m in Sources */,
				1112CCF5224E0BE700DD53BD /* GitHubApp.xcdatamodeld in Sources */,
			);
			runOnlyForDeploymentPostprocessing = 0;
		};
		1112CCFE224E0BE900DD53BD /* Sources */ = {
			isa = PBXSourcesBuildPhase;
			buildActionMask = 2147483647;
			files = (
				1112CD07224E0BE900DD53BD /* GitHubAppTests.m in Sources */,
			);
			runOnlyForDeploymentPostprocessing = 0;
		};
/* End PBXSourcesBuildPhase section */

/* Begin PBXTargetDependency section */
		1112CD04224E0BE900DD53BD /* PBXTargetDependency */ = {
			isa = PBXTargetDependency;
			target = 1112CCE6224E0BE700DD53BD /* GitHubApp */;
			targetProxy = 1112CD03224E0BE900DD53BD /* PBXContainerItemProxy */;
		};
/* End PBXTargetDependency section */

/* Begin PBXVariantGroup section */
		1112CCF0224E0BE700DD53BD /* Main.storyboard */ = {
			isa = PBXVariantGroup;
			children = (
				1112CCF1224E0BE700DD53BD /* Base */,
			);
			name = Main.storyboard;
			sourceTree = "<group>";
		};
		1112CCF8224E0BE900DD53BD /* LaunchScreen.storyboard */ = {
			isa = PBXVariantGroup;
			children = (
				1112CCF9224E0BE900DD53BD /* Base */,
			);
			name = LaunchScreen.storyboard;
			sourceTree = "<group>";
		};
/* End PBXVariantGroup section */

/* Begin XCBuildConfiguration section */
		1112CD09224E0BE900DD53BD /* Debug */ = {
			isa = XCBuildConfiguration;
			buildSettings = {
				ALWAYS_SEARCH_USER_PATHS = NO;
				CLANG_ANALYZER_NONNULL = YES;
				CLANG_ANALYZER_NUMBER_OBJECT_CONVERSION = YES_AGGRESSIVE;
				CLANG_CXX_LANGUAGE_STANDARD = "gnu++14";
				CLANG_CXX_LIBRARY = "libc++";
				CLANG_ENABLE_MODULES = YES;
				CLANG_ENABLE_OBJC_ARC = YES;
				CLANG_ENABLE_OBJC_WEAK = YES;
				CLANG_WARN_BLOCK_CAPTURE_AUTORELEASING = YES;
				CLANG_WARN_BOOL_CONVERSION = YES;
				CLANG_WARN_COMMA = YES;
				CLANG_WARN_CONSTANT_CONVERSION = YES;
				CLANG_WARN_DEPRECATED_OBJC_IMPLEMENTATIONS = YES;
				CLANG_WARN_DIRECT_OBJC_ISA_USAGE = YES_ERROR;
				CLANG_WARN_DOCUMENTATION_COMMENTS = YES;
				CLANG_WARN_EMPTY_BODY = YES;
				CLANG_WARN_ENUM_CONVERSION = YES;
				CLANG_WARN_INFINITE_RECURSION = YES;
				CLANG_WARN_INT_CONVERSION = YES;
				CLANG_WARN_NON_LITERAL_NULL_CONVERSION = YES;
				CLANG_WARN_OBJC_IMPLICIT_RETAIN_SELF = YES;
				CLANG_WARN_OBJC_LITERAL_CONVERSION = YES;
				CLANG_WARN_OBJC_ROOT_CLASS = YES_ERROR;
				CLANG_WARN_RANGE_LOOP_ANALYSIS = YES;
				CLANG_WARN_STRICT_PROTOTYPES = YES;
				CLANG_WARN_SUSPICIOUS_MOVE = YES;
				CLANG_WARN_UNGUARDED_AVAILABILITY = YES_AGGRESSIVE;
				CLANG_WARN_UNREACHABLE_CODE = YES;
				CLANG_WARN__DUPLICATE_METHOD_MATCH = YES;
				CODE_SIGN_IDENTITY = "iPhone Developer";
				COPY_PHASE_STRIP = NO;
				DEBUG_INFORMATION_FORMAT = dwarf;
				ENABLE_STRICT_OBJC_MSGSEND = YES;
				ENABLE_TESTABILITY = YES;
				GCC_C_LANGUAGE_STANDARD = gnu11;
				GCC_DYNAMIC_NO_PIC = NO;
				GCC_NO_COMMON_BLOCKS = YES;
				GCC_OPTIMIZATION_LEVEL = 0;
				GCC_PREPROCESSOR_DEFINITIONS = (
					"DEBUG=1",
					"$(inherited)",
				);
				GCC_WARN_64_TO_32_BIT_CONVERSION = YES;
				GCC_WARN_ABOUT_RETURN_TYPE = YES_ERROR;
				GCC_WARN_UNDECLARED_SELECTOR = YES;
				GCC_WARN_UNINITIALIZED_AUTOS = YES_AGGRESSIVE;
				GCC_WARN_UNUSED_FUNCTION = YES;
				GCC_WARN_UNUSED_VARIABLE = YES;
				IPHONEOS_DEPLOYMENT_TARGET = 12.1;
				MTL_ENABLE_DEBUG_INFO = INCLUDE_SOURCE;
				MTL_FAST_MATH = YES;
				ONLY_ACTIVE_ARCH = YES;
				SDKROOT = iphoneos;
			};
			name = Debug;
		};
		1112CD0A224E0BE900DD53BD /* Release */ = {
			isa = XCBuildConfiguration;
			buildSettings = {
				ALWAYS_SEARCH_USER_PATHS = NO;
				CLANG_ANALYZER_NONNULL = YES;
				CLANG_ANALYZER_NUMBER_OBJECT_CONVERSION = YES_AGGRESSIVE;
				CLANG_CXX_LANGUAGE_STANDARD = "gnu++14";
				CLANG_CXX_LIBRARY = "libc++";
				CLANG_ENABLE_MODULES = YES;
				CLANG_ENABLE_OBJC_ARC = YES;
				CLANG_ENABLE_OBJC_WEAK = YES;
				CLANG_WARN_BLOCK_CAPTURE_AUTORELEASING = YES;
				CLANG_WARN_BOOL_CONVERSION = YES;
				CLANG_WARN_COMMA = YES;
				CLANG_WARN_CONSTANT_CONVERSION = YES;
				CLANG_WARN_DEPRECATED_OBJC_IMPLEMENTATIONS = YES;
				CLANG_WARN_DIRECT_OBJC_ISA_USAGE = YES_ERROR;
				CLANG_WARN_DOCUMENTATION_COMMENTS = YES;
				CLANG_WARN_EMPTY_BODY = YES;
				CLANG_WARN_ENUM_CONVERSION = YES;
				CLANG_WARN_INFINITE_RECURSION = YES;
				CLANG_WARN_INT_CONVERSION = YES;
				CLANG_WARN_NON_LITERAL_NULL_CONVERSION = YES;
				CLANG_WARN_OBJC_IMPLICIT_RETAIN_SELF = YES;
				CLANG_WARN_OBJC_LITERAL_CONVERSION = YES;
				CLANG_WARN_OBJC_ROOT_CLASS = YES_ERROR;
				CLANG_WARN_RANGE_LOOP_ANALYSIS = YES;
				CLANG_WARN_STRICT_PROTOTYPES = YES;
				CLANG_WARN_SUSPICIOUS_MOVE = YES;
				CLANG_WARN_UNGUARDED_AVAILABILITY = YES_AGGRESSIVE;
				CLANG_WARN_UNREACHABLE_CODE = YES;
				CLANG_WARN__DUPLICATE_METHOD_MATCH = YES;
				CODE_SIGN_IDENTITY = "iPhone Developer";
				COPY_PHASE_STRIP = NO;
				DEBUG_INFORMATION_FORMAT = "dwarf-with-dsym";
				ENABLE_NS_ASSERTIONS = NO;
				ENABLE_STRICT_OBJC_MSGSEND = YES;
				GCC_C_LANGUAGE_STANDARD = gnu11;
				GCC_NO_COMMON_BLOCKS = YES;
				GCC_WARN_64_TO_32_BIT_CONVERSION = YES;
				GCC_WARN_ABOUT_RETURN_TYPE = YES_ERROR;
				GCC_WARN_UNDECLARED_SELECTOR = YES;
				GCC_WARN_UNINITIALIZED_AUTOS = YES_AGGRESSIVE;
				GCC_WARN_UNUSED_FUNCTION = YES;
				GCC_WARN_UNUSED_VARIABLE = YES;
				IPHONEOS_DEPLOYMENT_TARGET = 12.1;
				MTL_ENABLE_DEBUG_INFO = NO;
				MTL_FAST_MATH = YES;
				SDKROOT = iphoneos;
				VALIDATE_PRODUCT = YES;
			};
			name = Release;
		};
		1112CD0C224E0BE900DD53BD /* Debug */ = {
			isa = XCBuildConfiguration;
			buildSettings = {
				ASSETCATALOG_COMPILER_APPICON_NAME = AppIcon;
				CODE_SIGN_STYLE = Automatic;
				INFOPLIST_FILE = GitHubApp/Info.plist;
				LD_RUNPATH_SEARCH_PATHS = (
					"$(inherited)",
					"@executable_path/Frameworks",
				);
				PRODUCT_BUNDLE_IDENTIFIER = MesropK.GitHubApp;
				PRODUCT_NAME = "$(TARGET_NAME)";
				TARGETED_DEVICE_FAMILY = "1,2";
			};
			name = Debug;
		};
		1112CD0D224E0BE900DD53BD /* Release */ = {
			isa = XCBuildConfiguration;
			buildSettings = {
				ASSETCATALOG_COMPILER_APPICON_NAME = AppIcon;
				CODE_SIGN_STYLE = Automatic;
				INFOPLIST_FILE = GitHubApp/Info.plist;
				LD_RUNPATH_SEARCH_PATHS = (
					"$(inherited)",
					"@executable_path/Frameworks",
				);
				PRODUCT_BUNDLE_IDENTIFIER = MesropK.GitHubApp;
				PRODUCT_NAME = "$(TARGET_NAME)";
				TARGETED_DEVICE_FAMILY = "1,2";
			};
			name = Release;
		};
		1112CD0F224E0BE900DD53BD /* Debug */ = {
			isa = XCBuildConfiguration;
			buildSettings = {
				BUNDLE_LOADER = "$(TEST_HOST)";
				CODE_SIGN_STYLE = Automatic;
				INFOPLIST_FILE = GitHubAppTests/Info.plist;
				LD_RUNPATH_SEARCH_PATHS = (
					"$(inherited)",
					"@executable_path/Frameworks",
					"@loader_path/Frameworks",
				);
				PRODUCT_BUNDLE_IDENTIFIER = MesropK.GitHubAppTests;
				PRODUCT_NAME = "$(TARGET_NAME)";
				TARGETED_DEVICE_FAMILY = "1,2";
				TEST_HOST = "$(BUILT_PRODUCTS_DIR)/GitHubApp.app/GitHubApp";
			};
			name = Debug;
		};
		1112CD10224E0BE900DD53BD /* Release */ = {
			isa = XCBuildConfiguration;
			buildSettings = {
				BUNDLE_LOADER = "$(TEST_HOST)";
				CODE_SIGN_STYLE = Automatic;
				INFOPLIST_FILE = GitHubAppTests/Info.plist;
				LD_RUNPATH_SEARCH_PATHS = (
					"$(inherited)",
					"@executable_path/Frameworks",
					"@loader_path/Frameworks",
				);
				PRODUCT_BUNDLE_IDENTIFIER = MesropK.GitHubAppTests;
				PRODUCT_NAME = "$(TARGET_NAME)";
				TARGETED_DEVICE_FAMILY = "1,2";
				TEST_HOST = "$(BUILT_PRODUCTS_DIR)/GitHubApp.app/GitHubApp";
			};
			name = Release;
		};
/* End XCBuildConfiguration section */

/* Begin XCConfigurationList section */
		1112CCE2224E0BE700DD53BD /* Build configuration list for PBXProject "GitHubApp" */ = {
			isa = XCConfigurationList;
			buildConfigurations = (
				1112CD09224E0BE900DD53BD /* Debug */,
				1112CD0A224E0BE900DD53BD /* Release */,
			);
			defaultConfigurationIsVisible = 0;
			defaultConfigurationName = Release;
		};
		1112CD0B224E0BE900DD53BD /* Build configuration list for PBXNativeTarget "GitHubApp" */ = {
			isa = XCConfigurationList;
			buildConfigurations = (
				1112CD0C224E0BE900DD53BD /* Debug */,
				1112CD0D224E0BE900DD53BD /* Release */,
			);
			defaultConfigurationIsVisible = 0;
			defaultConfigurationName = Release;
		};
		1112CD0E224E0BE900DD53BD /* Build configuration list for PBXNativeTarget "GitHubAppTests" */ = {
			isa = XCConfigurationList;
			buildConfigurations = (
				1112CD0F224E0BE900DD53BD /* Debug */,
				1112CD10224E0BE900DD53BD /* Release */,
			);
			defaultConfigurationIsVisible = 0;
			defaultConfigurationName = Release;
		};
/* End XCConfigurationList section */

/* Begin XCVersionGroup section */
		1112CCF3224E0BE700DD53BD /* GitHubApp.xcdatamodeld */ = {
			isa = XCVersionGroup;
			children = (
				1112CCF4224E0BE700DD53BD /* GitHubApp.xcdatamodel */,
			);
			currentVersion = 1112CCF4224E0BE700DD53BD /* GitHubApp.xcdatamodel */;
			path = GitHubApp.xcdatamodeld;
			sourceTree = "<group>";
			versionGroupType = wrapper.xcdatamodel;
		};
/* End XCVersionGroup section */
	};
	rootObject = 1112CCDF224E0BE700DD53BD /* Project object */;
}
